
Microsoft Visual Studio Solution File, Format Version 12.00
# Visual Studio Version 16
VisualStudioVersion = 16.0.31702.278
MinimumVisualStudioVersion = 10.0.40219.1
Project("{FAE04EC0-301F-11D3-BF4B-00C04F79EFBC}") = "Task2Lab7", "Task2Lab7\Task2Lab7.csproj", "{1C650330-0B7E-4384-BA44-F226204DD84D}"
EndProject
Global
	GlobalSection(SolutionConfigurationPlatforms) = preSolution
		Debug|Any CPU = Debug|Any CPU
		Release|Any CPU = Release|Any CPU
	EndGlobalSection
	GlobalSection(ProjectConfigurationPlatforms) = postSolution
		{1C650330-0B7E-4384-BA44-F226204DD84D}.Debug|Any CPU.ActiveCfg = Debug|Any CPU
		{1C650330-0B7E-4384-BA44-F226204DD84D}.Debug|Any CPU.Build.0 = Debug|Any CPU
		{1C650330-0B7E-4384-BA44-F226204DD84D}.Release|Any CPU.ActiveCfg = Release|Any CPU
		{1C650330-0B7E-4384-BA44-F226204DD84D}.Release|Any CPU.Build.0 = Release|Any CPU
	EndGlobalSection
	GlobalSection(SolutionProperties) = preSolution
		HideSolutionNode = FALSE
	EndGlobalSection
	GlobalSection(ExtensibilityGlobals) = postSolution
		SolutionGuid = {CB072337-3C5C-41A0-8476-4187FF5E4F1A}
	EndGlobalSection
EndGlobal
